
Microsoft Visual Studio Solution File, Format Version 12.00
Project("{FAE04EC0-301F-11D3-BF4B-00C04F79EFBC}") = "C4ModelBuilder.Analyzer", "C4ModelBuilder.Analyzer\C4ModelBuilder.Analyzer.csproj", "{B819DAC2-346E-43F2-935F-80AB36BDF980}"
EndProject
Global
	GlobalSection(SolutionConfigurationPlatforms) = preSolution
		Debug|Any CPU = Debug|Any CPU
		Release|Any CPU = Release|Any CPU
	EndGlobalSection
	GlobalSection(ProjectConfigurationPlatforms) = postSolution
		{B819DAC2-346E-43F2-935F-80AB36BDF980}.Debug|Any CPU.ActiveCfg = Debug|Any CPU
		{B819DAC2-346E-43F2-935F-80AB36BDF980}.Debug|Any CPU.Build.0 = Debug|Any CPU
		{B819DAC2-346E-43F2-935F-80AB36BDF980}.Release|Any CPU.ActiveCfg = Release|Any CPU
		{B819DAC2-346E-43F2-935F-80AB36BDF980}.Release|Any CPU.Build.0 = Release|Any CPU
	EndGlobalSection
EndGlobal
