
Microsoft Visual Studio Solution File, Format Version 12.00
Project("{FAE04EC0-301F-11D3-BF4B-00C04F79EFBC}") = "C4ModelBuilder.Analyzer", "C4ModelBuilder.Analyzer\C4ModelBuilder.Analyzer.csproj", "{B819DAC2-346E-43F2-935F-80AB36BDF980}"
EndProject
Project("{FAE04EC0-301F-11D3-BF4B-00C04F79EFBC}") = "C4ModelBuilder.PlantUmlCreator", "C4ModelBuilder.PlantUmlCreator\C4ModelBuilder.PlantUmlCreator.csproj", "{B93452E5-AE17-43F4-B2C8-E255984FC84B}"
EndProject
Project("{2150E333-8FDC-42A3-9474-1A3956D46DE8}") = "Tests", "Tests", "{4FA501B1-0058-4149-8BA1-4564D5858B0A}"
EndProject
Project("{FAE04EC0-301F-11D3-BF4B-00C04F79EFBC}") = "C4ModelBuilder.PlantUmlCreator.Tests", "C4ModelBuilder.PlantUmlCreator.Tests\C4ModelBuilder.PlantUmlCreator.Tests.csproj", "{37487C34-AFF5-4686-8D21-3BE61E0C2E18}"
EndProject
Project("{FAE04EC0-301F-11D3-BF4B-00C04F79EFBC}") = "C4ModelBuilder.Analyzer.Tests", "C4ModelBuilder.Analyzer.Tests\C4ModelBuilder.Analyzer.Tests.csproj", "{D7A2B1C0-4E5F-4A6B-9C8D-1E2F3A4B5C6D}"
EndProject
Project("{FAE04EC0-301F-11D3-BF4B-00C04F79EFBC}") = "C4ModelBuilder.Models", "C4ModelBuilder.Models\C4ModelBuilder.Models.csproj", "{593EB38B-88ED-4AD5-B137-C6EFD7ABBB09}"
EndProject
Project("{2150E333-8FDC-42A3-9474-1A3956D46DE8}") = "Cli", "Cli", "{3D7CA934-618A-476E-9220-F6B2B0790A56}"
EndProject
Project("{FAE04EC0-301F-11D3-BF4B-00C04F79EFBC}") = "C4ModelBuilder.Cli", "C4ModelBuilder.Cli\C4ModelBuilder.Cli.csproj", "{691D7D77-B2A0-44D9-98F9-1B81C248697A}"
EndProject
Project("{2150E333-8FDC-42A3-9474-1A3956D46DE8}") = "Config", "Config", "{10E61708-2729-4432-82D1-4D92118AB9B5}"
	ProjectSection(SolutionItems) = preProject
		..\README.md = ..\README.md
		..\AGENTS.md = ..\AGENTS.md
		..\.editorconfig = ..\.editorconfig
		..\.gitignore = ..\.gitignore
	EndProjectSection
EndProject
Project("{FAE04EC0-301F-11D3-BF4B-00C04F79EFBC}") = "C4ModelBuilder.Attributes", "C4ModelBuilder.Attributes\C4ModelBuilder.Attributes.csproj", "{7CE2B1C9-1854-4E14-A900-DE12E75C6AEA}"
EndProject
Project("{FAE04EC0-301F-11D3-BF4B-00C04F79EFBC}") = "C4ModelBuilder.Sample.Target", "C4ModelBuilder.Sample.Target\C4ModelBuilder.Sample.Target.csproj", "{3F6C7B23-6336-4485-BD17-5A658649DFC3}"
EndProject
Global
	GlobalSection(SolutionConfigurationPlatforms) = preSolution
		Debug|Any CPU = Debug|Any CPU
		Release|Any CPU = Release|Any CPU
	EndGlobalSection
	GlobalSection(ProjectConfigurationPlatforms) = postSolution
		{B819DAC2-346E-43F2-935F-80AB36BDF980}.Debug|Any CPU.ActiveCfg = Debug|Any CPU
		{B819DAC2-346E-43F2-935F-80AB36BDF980}.Debug|Any CPU.Build.0 = Debug|Any CPU
		{B819DAC2-346E-43F2-935F-80AB36BDF980}.Release|Any CPU.ActiveCfg = Release|Any CPU
		{B819DAC2-346E-43F2-935F-80AB36BDF980}.Release|Any CPU.Build.0 = Release|Any CPU
		{B93452E5-AE17-43F4-B2C8-E255984FC84B}.Debug|Any CPU.ActiveCfg = Debug|Any CPU
		{B93452E5-AE17-43F4-B2C8-E255984FC84B}.Debug|Any CPU.Build.0 = Debug|Any CPU
		{B93452E5-AE17-43F4-B2C8-E255984FC84B}.Release|Any CPU.ActiveCfg = Release|Any CPU
		{B93452E5-AE17-43F4-B2C8-E255984FC84B}.Release|Any CPU.Build.0 = Release|Any CPU
		{37487C34-AFF5-4686-8D21-3BE61E0C2E18}.Debug|Any CPU.ActiveCfg = Debug|Any CPU
		{37487C34-AFF5-4686-8D21-3BE61E0C2E18}.Debug|Any CPU.Build.0 = Debug|Any CPU
		{37487C34-AFF5-4686-8D21-3BE61E0C2E18}.Release|Any CPU.ActiveCfg = Release|Any CPU
		{37487C34-AFF5-4686-8D21-3BE61E0C2E18}.Release|Any CPU.Build.0 = Release|Any CPU
		{D7A2B1C0-4E5F-4A6B-9C8D-1E2F3A4B5C6D}.Debug|Any CPU.ActiveCfg = Debug|Any CPU
		{D7A2B1C0-4E5F-4A6B-9C8D-1E2F3A4B5C6D}.Debug|Any CPU.Build.0 = Debug|Any CPU
		{D7A2B1C0-4E5F-4A6B-9C8D-1E2F3A4B5C6D}.Release|Any CPU.ActiveCfg = Release|Any CPU
		{D7A2B1C0-4E5F-4A6B-9C8D-1E2F3A4B5C6D}.Release|Any CPU.Build.0 = Release|Any CPU
		{593EB38B-88ED-4AD5-B137-C6EFD7ABBB09}.Debug|Any CPU.ActiveCfg = Debug|Any CPU
		{593EB38B-88ED-4AD5-B137-C6EFD7ABBB09}.Debug|Any CPU.Build.0 = Debug|Any CPU
		{593EB38B-88ED-4AD5-B137-C6EFD7ABBB09}.Release|Any CPU.ActiveCfg = Release|Any CPU
		{593EB38B-88ED-4AD5-B137-C6EFD7ABBB09}.Release|Any CPU.Build.0 = Release|Any CPU
		{691D7D77-B2A0-44D9-98F9-1B81C248697A}.Debug|Any CPU.ActiveCfg = Debug|Any CPU
		{691D7D77-B2A0-44D9-98F9-1B81C248697A}.Debug|Any CPU.Build.0 = Debug|Any CPU
		{691D7D77-B2A0-44D9-98F9-1B81C248697A}.Release|Any CPU.ActiveCfg = Release|Any CPU
		{691D7D77-B2A0-44D9-98F9-1B81C248697A}.Release|Any CPU.Build.0 = Release|Any CPU
		{7CE2B1C9-1854-4E14-A900-DE12E75C6AEA}.Debug|Any CPU.ActiveCfg = Debug|Any CPU
		{7CE2B1C9-1854-4E14-A900-DE12E75C6AEA}.Debug|Any CPU.Build.0 = Debug|Any CPU
		{7CE2B1C9-1854-4E14-A900-DE12E75C6AEA}.Release|Any CPU.ActiveCfg = Release|Any CPU
		{7CE2B1C9-1854-4E14-A900-DE12E75C6AEA}.Release|Any CPU.Build.0 = Release|Any CPU
		{3F6C7B23-6336-4485-BD17-5A658649DFC3}.Debug|Any CPU.ActiveCfg = Debug|Any CPU
		{3F6C7B23-6336-4485-BD17-5A658649DFC3}.Debug|Any CPU.Build.0 = Debug|Any CPU
		{3F6C7B23-6336-4485-BD17-5A658649DFC3}.Release|Any CPU.ActiveCfg = Release|Any CPU
		{3F6C7B23-6336-4485-BD17-5A658649DFC3}.Release|Any CPU.Build.0 = Release|Any CPU
	EndGlobalSection
	GlobalSection(SolutionProperties) = preSolution
	EndGlobalSection
	GlobalSection(NestedProjects) = preSolution
		{37487C34-AFF5-4686-8D21-3BE61E0C2E18} = {4FA501B1-0058-4149-8BA1-4564D5858B0A}
		{D7A2B1C0-4E5F-4A6B-9C8D-1E2F3A4B5C6D} = {4FA501B1-0058-4149-8BA1-4564D5858B0A}
		{691D7D77-B2A0-44D9-98F9-1B81C248697A} = {3D7CA934-618A-476E-9220-F6B2B0790A56}
	EndGlobalSection
EndGlobal
